
Microsoft Visual Studio Solution File, Format Version 12.00
# Visual Studio 15
VisualStudioVersion = 15.0.28307.489
MinimumVisualStudioVersion = 10.0.40219.1
Project("{FAE04EC0-301F-11D3-BF4B-00C04F79EFBC}") = "DempApp", "DempApp\DempApp.csproj", "{59D4D10E-D542-495A-83CF-56D642C672E8}"
EndProject
Global
	GlobalSection(SolutionConfigurationPlatforms) = preSolution
		Debug|Any CPU = Debug|Any CPU
		Release|Any CPU = Release|Any CPU
	EndGlobalSection
	GlobalSection(ProjectConfigurationPlatforms) = postSolution
		{59D4D10E-D542-495A-83CF-56D642C672E8}.Debug|Any CPU.ActiveCfg = Debug|Any CPU
		{59D4D10E-D542-495A-83CF-56D642C672E8}.Debug|Any CPU.Build.0 = Debug|Any CPU
		{59D4D10E-D542-495A-83CF-56D642C672E8}.Release|Any CPU.ActiveCfg = Release|Any CPU
		{59D4D10E-D542-495A-83CF-56D642C672E8}.Release|Any CPU.Build.0 = Release|Any CPU
	EndGlobalSection
	GlobalSection(SolutionProperties) = preSolution
		HideSolutionNode = FALSE
	EndGlobalSection
	GlobalSection(ExtensibilityGlobals) = postSolution
		SolutionGuid = {03792382-86FA-4A1E-BC4C-BB9B72DE9B5B}
	EndGlobalSection
EndGlobal
